// !$*UTF8*$!
{
	archiveVersion = 1;
	classes = {
	};
	objectVersion = 46;
	objects = {

/* Begin PBXBuildFile section */
		038D579C26B503F49CF02246 /* Pods_SimpleToDoList.framework in Frameworks */ = {isa = PBXBuildFile; fileRef = 1FCD3FC3473405D1861F0F0E /* Pods_SimpleToDoList.framework */; };
		CB90C44A1E02A2B800AACA64 /* AppDelegate.swift in Sources */ = {isa = PBXBuildFile; fileRef = CB90C4491E02A2B800AACA64 /* AppDelegate.swift */; };
		CB90C44C1E02A2B800AACA64 /* TaskListViewController.swift in Sources */ = {isa = PBXBuildFile; fileRef = CB90C44B1E02A2B800AACA64 /* TaskListViewController.swift */; };
		CB90C44F1E02A2B800AACA64 /* Main.storyboard in Resources */ = {isa = PBXBuildFile; fileRef = CB90C44D1E02A2B800AACA64 /* Main.storyboard */; };
		CB90C4511E02A2B800AACA64 /* Assets.xcassets in Resources */ = {isa = PBXBuildFile; fileRef = CB90C4501E02A2B800AACA64 /* Assets.xcassets */; };
		CB90C4541E02A2B800AACA64 /* LaunchScreen.storyboard in Resources */ = {isa = PBXBuildFile; fileRef = CB90C4521E02A2B800AACA64 /* LaunchScreen.storyboard */; };
		CB9D50241E02D9CB002DD427 /* Task.swift in Sources */ = {isa = PBXBuildFile; fileRef = CB9D50231E02D9CB002DD427 /* Task.swift */; };
		CB9D50281E02F364002DD427 /* AddTaskViewController.swift in Sources */ = {isa = PBXBuildFile; fileRef = CB9D50271E02F364002DD427 /* AddTaskViewController.swift */; };
		CB9D502A1E02FD8E002DD427 /* TaskListCell.swift in Sources */ = {isa = PBXBuildFile; fileRef = CB9D50291E02FD8E002DD427 /* TaskListCell.swift */; };
/* End PBXBuildFile section */

/* Begin PBXFileReference section */
		1FCD3FC3473405D1861F0F0E /* Pods_SimpleToDoList.framework */ = {isa = PBXFileReference; explicitFileType = wrapper.framework; includeInIndex = 0; path = Pods_SimpleToDoList.framework; sourceTree = BUILT_PRODUCTS_DIR; };
		3030DE9A47BC915487CC6872 /* Pods-SimpleToDoList.debug.xcconfig */ = {isa = PBXFileReference; includeInIndex = 1; lastKnownFileType = text.xcconfig; name = "Pods-SimpleToDoList.debug.xcconfig"; path = "Pods/Target Support Files/Pods-SimpleToDoList/Pods-SimpleToDoList.debug.xcconfig"; sourceTree = "<group>"; };
		CB90C4461E02A2B800AACA64 /* SimpleToDoList.app */ = {isa = PBXFileReference; explicitFileType = wrapper.application; includeInIndex = 0; path = SimpleToDoList.app; sourceTree = BUILT_PRODUCTS_DIR; };
		CB90C4491E02A2B800AACA64 /* AppDelegate.swift */ = {isa = PBXFileReference; lastKnownFileType = sourcecode.swift; path = AppDelegate.swift; sourceTree = "<group>"; };
		CB90C44B1E02A2B800AACA64 /* TaskListViewController.swift */ = {isa = PBXFileReference; lastKnownFileType = sourcecode.swift; path = TaskListViewController.swift; sourceTree = "<group>"; };
		CB90C44E1E02A2B800AACA64 /* Base */ = {isa = PBXFileReference; lastKnownFileType = file.storyboard; name = Base; path = Base.lproj/Main.storyboard; sourceTree = "<group>"; };
		CB90C4501E02A2B800AACA64 /* Assets.xcassets */ = {isa = PBXFileReference; lastKnownFileType = folder.assetcatalog; path = Assets.xcassets; sourceTree = "<group>"; };
		CB90C4531E02A2B800AACA64 /* Base */ = {isa = PBXFileReference; lastKnownFileType = file.storyboard; name = Base; path = Base.lproj/LaunchScreen.storyboard; sourceTree = "<group>"; };
		CB90C4551E02A2B800AACA64 /* Info.plist */ = {isa = PBXFileReference; lastKnownFileType = text.plist.xml; path = Info.plist; sourceTree = "<group>"; };
		CB9D50231E02D9CB002DD427 /* Task.swift */ = {isa = PBXFileReference; fileEncoding = 4; lastKnownFileType = sourcecode.swift; path = Task.swift; sourceTree = "<group>"; };
		CB9D50271E02F364002DD427 /* AddTaskViewController.swift */ = {isa = PBXFileReference; fileEncoding = 4; lastKnownFileType = sourcecode.swift; path = AddTaskViewController.swift; sourceTree = "<group>"; };
		CB9D50291E02FD8E002DD427 /* TaskListCell.swift */ = {isa = PBXFileReference; fileEncoding = 4; lastKnownFileType = sourcecode.swift; path = TaskListCell.swift; sourceTree = "<group>"; };
		D8FBA3783A73D890BA9495F1 /* Pods-SimpleToDoList.release.xcconfig */ = {isa = PBXFileReference; includeInIndex = 1; lastKnownFileType = text.xcconfig; name = "Pods-SimpleToDoList.release.xcconfig"; path = "Pods/Target Support Files/Pods-SimpleToDoList/Pods-SimpleToDoList.release.xcconfig"; sourceTree = "<group>"; };
/* End PBXFileReference section */

/* Begin PBXFrameworksBuildPhase section */
		CB90C4431E02A2B800AACA64 /* Frameworks */ = {
			isa = PBXFrameworksBuildPhase;
			buildActionMask = 2147483647;
			files = (
				038D579C26B503F49CF02246 /* Pods_SimpleToDoList.framework in Frameworks */,
			);
			runOnlyForDeploymentPostprocessing = 0;
		};
/* End PBXFrameworksBuildPhase section */

/* Begin PBXGroup section */
		8736FC40916093E29FA5B8C4 /* Frameworks */ = {
			isa = PBXGroup;
			children = (
				1FCD3FC3473405D1861F0F0E /* Pods_SimpleToDoList.framework */,
			);
			name = Frameworks;
			sourceTree = "<group>";
		};
		CB90C43D1E02A2B800AACA64 = {
			isa = PBXGroup;
			children = (
				CB90C4481E02A2B800AACA64 /* SimpleToDoList */,
				CB90C4471E02A2B800AACA64 /* Products */,
				D5573DD991C43E4091D7D006 /* Pods */,
				8736FC40916093E29FA5B8C4 /* Frameworks */,
			);
			sourceTree = "<group>";
		};
		CB90C4471E02A2B800AACA64 /* Products */ = {
			isa = PBXGroup;
			children = (
				CB90C4461E02A2B800AACA64 /* SimpleToDoList.app */,
			);
			name = Products;
			sourceTree = "<group>";
		};
		CB90C4481E02A2B800AACA64 /* SimpleToDoList */ = {
			isa = PBXGroup;
			children = (
				CB9D50221E02D9B8002DD427 /* Model */,
				CB9D502B1E03EAF5002DD427 /* Controllers */,
				CB90C4491E02A2B800AACA64 /* AppDelegate.swift */,
				CB90C44D1E02A2B800AACA64 /* Main.storyboard */,
				CB90C4501E02A2B800AACA64 /* Assets.xcassets */,
				CB90C4521E02A2B800AACA64 /* LaunchScreen.storyboard */,
				CB90C4551E02A2B800AACA64 /* Info.plist */,
			);
			path = SimpleToDoList;
			sourceTree = "<group>";
		};
		CB9D50221E02D9B8002DD427 /* Model */ = {
			isa = PBXGroup;
			children = (
				CB9D50231E02D9CB002DD427 /* Task.swift */,
			);
			name = Model;
			sourceTree = "<group>";
		};
		CB9D502B1E03EAF5002DD427 /* Controllers */ = {
			isa = PBXGroup;
			children = (
				CB90C44B1E02A2B800AACA64 /* TaskListViewController.swift */,
				CB9D50271E02F364002DD427 /* AddTaskViewController.swift */,
				CB9D50291E02FD8E002DD427 /* TaskListCell.swift */,
			);
			name = Controllers;
			sourceTree = "<group>";
		};
		D5573DD991C43E4091D7D006 /* Pods */ = {
			isa = PBXGroup;
			children = (
				3030DE9A47BC915487CC6872 /* Pods-SimpleToDoList.debug.xcconfig */,
				D8FBA3783A73D890BA9495F1 /* Pods-SimpleToDoList.release.xcconfig */,
			);
			name = Pods;
			sourceTree = "<group>";
		};
/* End PBXGroup section */

/* Begin PBXNativeTarget section */
		CB90C4451E02A2B800AACA64 /* SimpleToDoList */ = {
			isa = PBXNativeTarget;
			buildConfigurationList = CB90C4581E02A2B800AACA64 /* Build configuration list for PBXNativeTarget "SimpleToDoList" */;
			buildPhases = (
				4AFACDBEE26730F686D2C126 /* [CP] Check Pods Manifest.lock */,
				CB90C4421E02A2B800AACA64 /* Sources */,
				CB90C4431E02A2B800AACA64 /* Frameworks */,
				CB90C4441E02A2B800AACA64 /* Resources */,
				FA3265FD3C61185793804594 /* [CP] Embed Pods Frameworks */,
				0A237361266B5D5FF86B2F29 /* [CP] Copy Pods Resources */,
			);
			buildRules = (
			);
			dependencies = (
			);
			name = SimpleToDoList;
			productName = SimpleToDoList;
			productReference = CB90C4461E02A2B800AACA64 /* SimpleToDoList.app */;
			productType = "com.apple.product-type.application";
		};
/* End PBXNativeTarget section */

/* Begin PBXProject section */
		CB90C43E1E02A2B800AACA64 /* Project object */ = {
			isa = PBXProject;
			attributes = {
				LastSwiftUpdateCheck = 0820;
				LastUpgradeCheck = 0820;
				ORGANIZATIONNAME = Ollie;
				TargetAttributes = {
					CB90C4451E02A2B800AACA64 = {
						CreatedOnToolsVersion = 8.2;
						DevelopmentTeam = 8H7X36TF25;
						LastSwiftMigration = 0820;
						ProvisioningStyle = Automatic;
					};
				};
			};
			buildConfigurationList = CB90C4411E02A2B800AACA64 /* Build configuration list for PBXProject "SimpleToDoList" */;
			compatibilityVersion = "Xcode 3.2";
			developmentRegion = English;
			hasScannedForEncodings = 0;
			knownRegions = (
				en,
				Base,
			);
			mainGroup = CB90C43D1E02A2B800AACA64;
			productRefGroup = CB90C4471E02A2B800AACA64 /* Products */;
			projectDirPath = "";
			projectRoot = "";
			targets = (
				CB90C4451E02A2B800AACA64 /* SimpleToDoList */,
			);
		};
/* End PBXProject section */

/* Begin PBXResourcesBuildPhase section */
		CB90C4441E02A2B800AACA64 /* Resources */ = {
			isa = PBXResourcesBuildPhase;
			buildActionMask = 2147483647;
			files = (
				CB90C4541E02A2B800AACA64 /* LaunchScreen.storyboard in Resources */,
				CB90C4511E02A2B800AACA64 /* Assets.xcassets in Resources */,
				CB90C44F1E02A2B800AACA64 /* Main.storyboard in Resources */,
			);
			runOnlyForDeploymentPostprocessing = 0;
		};
/* End PBXResourcesBuildPhase section */

/* Begin PBXShellScriptBuildPhase section */
		0A237361266B5D5FF86B2F29 /* [CP] Copy Pods Resources */ = {
			isa = PBXShellScriptBuildPhase;
			buildActionMask = 2147483647;
			files = (
			);
			inputPaths = (
			);
			name = "[CP] Copy Pods Resources";
			outputPaths = (
			);
			runOnlyForDeploymentPostprocessing = 0;
			shellPath = /bin/sh;
			shellScript = "\"${SRCROOT}/Pods/Target Support Files/Pods-SimpleToDoList/Pods-SimpleToDoList-resources.sh\"\n";
			showEnvVarsInLog = 0;
		};
		4AFACDBEE26730F686D2C126 /* [CP] Check Pods Manifest.lock */ = {
			isa = PBXShellScriptBuildPhase;
			buildActionMask = 2147483647;
			files = (
			);
			inputPaths = (
			);
			name = "[CP] Check Pods Manifest.lock";
			outputPaths = (
			);
			runOnlyForDeploymentPostprocessing = 0;
			shellPath = /bin/sh;
			shellScript = "diff \"${PODS_ROOT}/../Podfile.lock\" \"${PODS_ROOT}/Manifest.lock\" > /dev/null\nif [ $? != 0 ] ; then\n    # print error to STDERR\n    echo \"error: The sandbox is not in sync with the Podfile.lock. Run 'pod install' or update your CocoaPods installation.\" >&2\n    exit 1\nfi\n";
			showEnvVarsInLog = 0;
		};
		FA3265FD3C61185793804594 /* [CP] Embed Pods Frameworks */ = {
			isa = PBXShellScriptBuildPhase;
			buildActionMask = 2147483647;
			files = (
			);
			inputPaths = (
			);
			name = "[CP] Embed Pods Frameworks";
			outputPaths = (
			);
			runOnlyForDeploymentPostprocessing = 0;
			shellPath = /bin/sh;
			shellScript = "\"${SRCROOT}/Pods/Target Support Files/Pods-SimpleToDoList/Pods-SimpleToDoList-frameworks.sh\"\n";
			showEnvVarsInLog = 0;
		};
/* End PBXShellScriptBuildPhase section */

/* Begin PBXSourcesBuildPhase section */
		CB90C4421E02A2B800AACA64 /* Sources */ = {
			isa = PBXSourcesBuildPhase;
			buildActionMask = 2147483647;
			files = (
				CB90C44C1E02A2B800AACA64 /* TaskListViewController.swift in Sources */,
				CB9D502A1E02FD8E002DD427 /* TaskListCell.swift in Sources */,
				CB9D50241E02D9CB002DD427 /* Task.swift in Sources */,
				CB90C44A1E02A2B800AACA64 /* AppDelegate.swift in Sources */,
				CB9D50281E02F364002DD427 /* AddTaskViewController.swift in Sources */,
			);
			runOnlyForDeploymentPostprocessing = 0;
		};
/* End PBXSourcesBuildPhase section */

/* Begin PBXVariantGroup section */
		CB90C44D1E02A2B800AACA64 /* Main.storyboard */ = {
			isa = PBXVariantGroup;
			children = (
				CB90C44E1E02A2B800AACA64 /* Base */,
			);
			name = Main.storyboard;
			sourceTree = "<group>";
		};
		CB90C4521E02A2B800AACA64 /* LaunchScreen.storyboard */ = {
			isa = PBXVariantGroup;
			children = (
				CB90C4531E02A2B800AACA64 /* Base */,
			);
			name = LaunchScreen.storyboard;
			sourceTree = "<group>";
		};
/* End PBXVariantGroup section */

/* Begin XCBuildConfiguration section */
		CB90C4561E02A2B800AACA64 /* Debug */ = {
			isa = XCBuildConfiguration;
			buildSettings = {
				ALWAYS_SEARCH_USER_PATHS = NO;
				CLANG_ANALYZER_NONNULL = YES;
				CLANG_CXX_LANGUAGE_STANDARD = "gnu++0x";
				CLANG_CXX_LIBRARY = "libc++";
				CLANG_ENABLE_MODULES = YES;
				CLANG_ENABLE_OBJC_ARC = YES;
				CLANG_WARN_BOOL_CONVERSION = YES;
				CLANG_WARN_CONSTANT_CONVERSION = YES;
				CLANG_WARN_DIRECT_OBJC_ISA_USAGE = YES_ERROR;
				CLANG_WARN_DOCUMENTATION_COMMENTS = YES;
				CLANG_WARN_EMPTY_BODY = YES;
				CLANG_WARN_ENUM_CONVERSION = YES;
				CLANG_WARN_INFINITE_RECURSION = YES;
				CLANG_WARN_INT_CONVERSION = YES;
				CLANG_WARN_OBJC_ROOT_CLASS = YES_ERROR;
				CLANG_WARN_SUSPICIOUS_MOVE = YES;
				CLANG_WARN_UNREACHABLE_CODE = YES;
				CLANG_WARN__DUPLICATE_METHOD_MATCH = YES;
				"CODE_SIGN_IDENTITY[sdk=iphoneos*]" = "iPhone Developer";
				COPY_PHASE_STRIP = NO;
				DEBUG_INFORMATION_FORMAT = dwarf;
				ENABLE_STRICT_OBJC_MSGSEND = YES;
				ENABLE_TESTABILITY = YES;
				GCC_C_LANGUAGE_STANDARD = gnu99;
				GCC_DYNAMIC_NO_PIC = NO;
				GCC_NO_COMMON_BLOCKS = YES;
				GCC_OPTIMIZATION_LEVEL = 0;
				GCC_PREPROCESSOR_DEFINITIONS = (
					"DEBUG=1",
					"$(inherited)",
				);
				GCC_WARN_64_TO_32_BIT_CONVERSION = YES;
				GCC_WARN_ABOUT_RETURN_TYPE = YES_ERROR;
				GCC_WARN_UNDECLARED_SELECTOR = YES;
				GCC_WARN_UNINITIALIZED_AUTOS = YES_AGGRESSIVE;
				GCC_WARN_UNUSED_FUNCTION = YES;
				GCC_WARN_UNUSED_VARIABLE = YES;
				IPHONEOS_DEPLOYMENT_TARGET = 10.1;
				MTL_ENABLE_DEBUG_INFO = YES;
				ONLY_ACTIVE_ARCH = YES;
				SDKROOT = iphoneos;
				SWIFT_ACTIVE_COMPILATION_CONDITIONS = DEBUG;
				SWIFT_OPTIMIZATION_LEVEL = "-Onone";
			};
			name = Debug;
		};
		CB90C4571E02A2B800AACA64 /* Release */ = {
			isa = XCBuildConfiguration;
			buildSettings = {
				ALWAYS_SEARCH_USER_PATHS = NO;
				CLANG_ANALYZER_NONNULL = YES;
				CLANG_CXX_LANGUAGE_STANDARD = "gnu++0x";
				CLANG_CXX_LIBRARY = "libc++";
				CLANG_ENABLE_MODULES = YES;
				CLANG_ENABLE_OBJC_ARC = YES;
				CLANG_WARN_BOOL_CONVERSION = YES;
				CLANG_WARN_CONSTANT_CONVERSION = YES;
				CLANG_WARN_DIRECT_OBJC_ISA_USAGE = YES_ERROR;
				CLANG_WARN_DOCUMENTATION_COMMENTS = YES;
				CLANG_WARN_EMPTY_BODY = YES;
				CLANG_WARN_ENUM_CONVERSION = YES;
				CLANG_WARN_INFINITE_RECURSION = YES;
				CLANG_WARN_INT_CONVERSION = YES;
				CLANG_WARN_OBJC_ROOT_CLASS = YES_ERROR;
				CLANG_WARN_SUSPICIOUS_MOVE = YES;
				CLANG_WARN_UNREACHABLE_CODE = YES;
				CLANG_WARN__DUPLICATE_METHOD_MATCH = YES;
				"CODE_SIGN_IDENTITY[sdk=iphoneos*]" = "iPhone Developer";
				COPY_PHASE_STRIP = NO;
				DEBUG_INFORMATION_FORMAT = "dwarf-with-dsym";
				ENABLE_NS_ASSERTIONS = NO;
				ENABLE_STRICT_OBJC_MSGSEND = YES;
				GCC_C_LANGUAGE_STANDARD = gnu99;
				GCC_NO_COMMON_BLOCKS = YES;
				GCC_WARN_64_TO_32_BIT_CONVERSION = YES;
				GCC_WARN_ABOUT_RETURN_TYPE = YES_ERROR;
				GCC_WARN_UNDECLARED_SELECTOR = YES;
				GCC_WARN_UNINITIALIZED_AUTOS = YES_AGGRESSIVE;
				GCC_WARN_UNUSED_FUNCTION = YES;
				GCC_WARN_UNUSED_VARIABLE = YES;
				IPHONEOS_DEPLOYMENT_TARGET = 10.1;
				MTL_ENABLE_DEBUG_INFO = NO;
				SDKROOT = iphoneos;
				SWIFT_OPTIMIZATION_LEVEL = "-Owholemodule";
				VALIDATE_PRODUCT = YES;
			};
			name = Release;
		};
		CB90C4591E02A2B800AACA64 /* Debug */ = {
			isa = XCBuildConfiguration;
			baseConfigurationReference = 3030DE9A47BC915487CC6872 /* Pods-SimpleToDoList.debug.xcconfig */;
			buildSettings = {
				ALWAYS_EMBED_SWIFT_STANDARD_LIBRARIES = "$(inherited)";
				ASSETCATALOG_COMPILER_APPICON_NAME = AppIcon;
				CLANG_ENABLE_MODULES = YES;
				DEVELOPMENT_TEAM = 8H7X36TF25;
				INFOPLIST_FILE = SimpleToDoList/Info.plist;
				LD_RUNPATH_SEARCH_PATHS = "$(inherited) @executable_path/Frameworks";
				PRODUCT_BUNDLE_IDENTIFIER = co.alphacamp.SimpleToDoList;
				PRODUCT_NAME = "$(TARGET_NAME)";
				SWIFT_OBJC_BRIDGING_HEADER = "";
				SWIFT_OPTIMIZATION_LEVEL = "-Onone";
				SWIFT_VERSION = 3.0;
			};
			name = Debug;
		};
		CB90C45A1E02A2B800AACA64 /* Release */ = {
			isa = XCBuildConfiguration;
			baseConfigurationReference = D8FBA3783A73D890BA9495F1 /* Pods-SimpleToDoList.release.xcconfig */;
			buildSettings = {
				ALWAYS_EMBED_SWIFT_STANDARD_LIBRARIES = "$(inherited)";
				ASSETCATALOG_COMPILER_APPICON_NAME = AppIcon;
				CLANG_ENABLE_MODULES = YES;
				DEVELOPMENT_TEAM = 8H7X36TF25;
				INFOPLIST_FILE = SimpleToDoList/Info.plist;
				LD_RUNPATH_SEARCH_PATHS = "$(inherited) @executable_path/Frameworks";
				PRODUCT_BUNDLE_IDENTIFIER = co.alphacamp.SimpleToDoList;
				PRODUCT_NAME = "$(TARGET_NAME)";
				SWIFT_OBJC_BRIDGING_HEADER = "";
				SWIFT_VERSION = 3.0;
			};
			name = Release;
		};
/* End XCBuildConfiguration section */

/* Begin XCConfigurationList section */
		CB90C4411E02A2B800AACA64 /* Build configuration list for PBXProject "SimpleToDoList" */ = {
			isa = XCConfigurationList;
			buildConfigurations = (
				CB90C4561E02A2B800AACA64 /* Debug */,
				CB90C4571E02A2B800AACA64 /* Release */,
			);
			defaultConfigurationIsVisible = 0;
			defaultConfigurationName = Release;
		};
		CB90C4581E02A2B800AACA64 /* Build configuration list for PBXNativeTarget "SimpleToDoList" */ = {
			isa = XCConfigurationList;
			buildConfigurations = (
				CB90C4591E02A2B800AACA64 /* Debug */,
				CB90C45A1E02A2B800AACA64 /* Release */,
			);
			defaultConfigurationIsVisible = 0;
			defaultConfigurationName = Release;
		};
/* End XCConfigurationList section */
	};
	rootObject = CB90C43E1E02A2B800AACA64 /* Project object */;
}
